// !$*UTF8*$!
{
	archiveVersion = 1;
	classes = {
	};
	objectVersion = 46;
	objects = {

/* Begin PBXBuildFile section */
		35249A211A74BF0200672F79 /* cardflip.wav in Resources */ = {isa = PBXBuildFile; fileRef = 35249A1D1A74BF0200672F79 /* cardflip.wav */; };
		35249A221A74BF0200672F79 /* dingcorrect.wav in Resources */ = {isa = PBXBuildFile; fileRef = 35249A1E1A74BF0200672F79 /* dingcorrect.wav */; };
		35249A231A74BF0200672F79 /* dingwrong.wav in Resources */ = {isa = PBXBuildFile; fileRef = 35249A1F1A74BF0200672F79 /* dingwrong.wav */; };
		35249A241A74BF0200672F79 /* shuffle.wav in Resources */ = {isa = PBXBuildFile; fileRef = 35249A201A74BF0200672F79 /* shuffle.wav */; };
		35249A261A74BF3C00672F79 /* AVFoundation.framework in Frameworks */ = {isa = PBXBuildFile; fileRef = 35249A251A74BF3C00672F79 /* AVFoundation.framework */; };
		3577182E1A56548300E5CF33 /* AppDelegate.swift in Sources */ = {isa = PBXBuildFile; fileRef = 3577182D1A56548300E5CF33 /* AppDelegate.swift */; };
		357718301A56548300E5CF33 /* ViewController.swift in Sources */ = {isa = PBXBuildFile; fileRef = 3577182F1A56548300E5CF33 /* ViewController.swift */; };
		357718331A56548300E5CF33 /* Main.storyboard in Resources */ = {isa = PBXBuildFile; fileRef = 357718311A56548300E5CF33 /* Main.storyboard */; };
		357718351A56548300E5CF33 /* Images.xcassets in Resources */ = {isa = PBXBuildFile; fileRef = 357718341A56548300E5CF33 /* Images.xcassets */; };
		357718381A56548300E5CF33 /* LaunchScreen.xib in Resources */ = {isa = PBXBuildFile; fileRef = 357718361A56548300E5CF33 /* LaunchScreen.xib */; };
		357718441A56548300E5CF33 /* Card_MatchTests.swift in Sources */ = {isa = PBXBuildFile; fileRef = 357718431A56548300E5CF33 /* Card_MatchTests.swift */; };
		35E073E91A6C6AA70027E911 /* Card.swift in Sources */ = {isa = PBXBuildFile; fileRef = 35E073E81A6C6AA70027E911 /* Card.swift */; };
		35E073EB1A6C6B030027E911 /* GameModel.swift in Sources */ = {isa = PBXBuildFile; fileRef = 35E073EA1A6C6B030027E911 /* GameModel.swift */; };
/* End PBXBuildFile section */

/* Begin PBXContainerItemProxy section */
		3577183E1A56548300E5CF33 /* PBXContainerItemProxy */ = {
			isa = PBXContainerItemProxy;
			containerPortal = 357718201A56548200E5CF33 /* Project object */;
			proxyType = 1;
			remoteGlobalIDString = 357718271A56548200E5CF33;
			remoteInfo = "Card Match";
		};
/* End PBXContainerItemProxy section */

/* Begin PBXFileReference section */
		35249A1D1A74BF0200672F79 /* cardflip.wav */ = {isa = PBXFileReference; lastKnownFileType = audio.wav; path = cardflip.wav; sourceTree = "<group>"; };
		35249A1E1A74BF0200672F79 /* dingcorrect.wav */ = {isa = PBXFileReference; lastKnownFileType = audio.wav; path = dingcorrect.wav; sourceTree = "<group>"; };
		35249A1F1A74BF0200672F79 /* dingwrong.wav */ = {isa = PBXFileReference; lastKnownFileType = audio.wav; path = dingwrong.wav; sourceTree = "<group>"; };
		35249A201A74BF0200672F79 /* shuffle.wav */ = {isa = PBXFileReference; lastKnownFileType = audio.wav; path = shuffle.wav; sourceTree = "<group>"; };
		35249A251A74BF3C00672F79 /* AVFoundation.framework */ = {isa = PBXFileReference; lastKnownFileType = wrapper.framework; name = AVFoundation.framework; path = System/Library/Frameworks/AVFoundation.framework; sourceTree = SDKROOT; };
		357718281A56548200E5CF33 /* Card Match.app */ = {isa = PBXFileReference; explicitFileType = wrapper.application; includeInIndex = 0; path = "Card Match.app"; sourceTree = BUILT_PRODUCTS_DIR; };
		3577182C1A56548300E5CF33 /* Info.plist */ = {isa = PBXFileReference; lastKnownFileType = text.plist.xml; path = Info.plist; sourceTree = "<group>"; };
		3577182D1A56548300E5CF33 /* AppDelegate.swift */ = {isa = PBXFileReference; lastKnownFileType = sourcecode.swift; path = AppDelegate.swift; sourceTree = "<group>"; };
		3577182F1A56548300E5CF33 /* ViewController.swift */ = {isa = PBXFileReference; lastKnownFileType = sourcecode.swift; path = ViewController.swift; sourceTree = "<group>"; };
		357718321A56548300E5CF33 /* Base */ = {isa = PBXFileReference; lastKnownFileType = file.storyboard; name = Base; path = Base.lproj/Main.storyboard; sourceTree = "<group>"; };
		357718341A56548300E5CF33 /* Images.xcassets */ = {isa = PBXFileReference; lastKnownFileType = folder.assetcatalog; path = Images.xcassets; sourceTree = "<group>"; };
		357718371A56548300E5CF33 /* Base */ = {isa = PBXFileReference; lastKnownFileType = file.xib; name = Base; path = Base.lproj/LaunchScreen.xib; sourceTree = "<group>"; };
		3577183D1A56548300E5CF33 /* Card MatchTests.xctest */ = {isa = PBXFileReference; explicitFileType = wrapper.cfbundle; includeInIndex = 0; path = "Card MatchTests.xctest"; sourceTree = BUILT_PRODUCTS_DIR; };
		357718421A56548300E5CF33 /* Info.plist */ = {isa = PBXFileReference; lastKnownFileType = text.plist.xml; path = Info.plist; sourceTree = "<group>"; };
		357718431A56548300E5CF33 /* Card_MatchTests.swift */ = {isa = PBXFileReference; lastKnownFileType = sourcecode.swift; path = Card_MatchTests.swift; sourceTree = "<group>"; };
		35E073E81A6C6AA70027E911 /* Card.swift */ = {isa = PBXFileReference; fileEncoding = 4; lastKnownFileType = sourcecode.swift; path = Card.swift; sourceTree = "<group>"; };
		35E073EA1A6C6B030027E911 /* GameModel.swift */ = {isa = PBXFileReference; fileEncoding = 4; lastKnownFileType = sourcecode.swift; path = GameModel.swift; sourceTree = "<group>"; };
/* End PBXFileReference section */

/* Begin PBXFrameworksBuildPhase section */
		357718251A56548200E5CF33 /* Frameworks */ = {
			isa = PBXFrameworksBuildPhase;
			buildActionMask = 2147483647;
			files = (
				35249A261A74BF3C00672F79 /* AVFoundation.framework in Frameworks */,
			);
			runOnlyForDeploymentPostprocessing = 0;
		};
		3577183A1A56548300E5CF33 /* Frameworks */ = {
			isa = PBXFrameworksBuildPhase;
			buildActionMask = 2147483647;
			files = (
			);
			runOnlyForDeploymentPostprocessing = 0;
		};
/* End PBXFrameworksBuildPhase section */

/* Begin PBXGroup section */
		3577181F1A56548200E5CF33 = {
			isa = PBXGroup;
			children = (
				35249A251A74BF3C00672F79 /* AVFoundation.framework */,
				3577182A1A56548200E5CF33 /* Card Match */,
				357718401A56548300E5CF33 /* Card MatchTests */,
				357718291A56548200E5CF33 /* Products */,
			);
			sourceTree = "<group>";
		};
		357718291A56548200E5CF33 /* Products */ = {
			isa = PBXGroup;
			children = (
				357718281A56548200E5CF33 /* Card Match.app */,
				3577183D1A56548300E5CF33 /* Card MatchTests.xctest */,
			);
			name = Products;
			sourceTree = "<group>";
		};
		3577182A1A56548200E5CF33 /* Card Match */ = {
			isa = PBXGroup;
			children = (
				3577182D1A56548300E5CF33 /* AppDelegate.swift */,
				3577182F1A56548300E5CF33 /* ViewController.swift */,
				35E073E81A6C6AA70027E911 /* Card.swift */,
				35E073EA1A6C6B030027E911 /* GameModel.swift */,
				357718311A56548300E5CF33 /* Main.storyboard */,
				357718341A56548300E5CF33 /* Images.xcassets */,
				357718361A56548300E5CF33 /* LaunchScreen.xib */,
				3577182B1A56548300E5CF33 /* Supporting Files */,
			);
			path = "Card Match";
			sourceTree = "<group>";
		};
		3577182B1A56548300E5CF33 /* Supporting Files */ = {
			isa = PBXGroup;
			children = (
				35249A1D1A74BF0200672F79 /* cardflip.wav */,
				35249A1E1A74BF0200672F79 /* dingcorrect.wav */,
				35249A1F1A74BF0200672F79 /* dingwrong.wav */,
				35249A201A74BF0200672F79 /* shuffle.wav */,
				3577182C1A56548300E5CF33 /* Info.plist */,
			);
			name = "Supporting Files";
			sourceTree = "<group>";
		};
		357718401A56548300E5CF33 /* Card MatchTests */ = {
			isa = PBXGroup;
			children = (
				357718431A56548300E5CF33 /* Card_MatchTests.swift */,
				357718411A56548300E5CF33 /* Supporting Files */,
			);
			path = "Card MatchTests";
			sourceTree = "<group>";
		};
		357718411A56548300E5CF33 /* Supporting Files */ = {
			isa = PBXGroup;
			children = (
				357718421A56548300E5CF33 /* Info.plist */,
			);
			name = "Supporting Files";
			sourceTree = "<group>";
		};
/* End PBXGroup section */

/* Begin PBXNativeTarget section */
		357718271A56548200E5CF33 /* Card Match */ = {
			isa = PBXNativeTarget;
			buildConfigurationList = 357718471A56548300E5CF33 /* Build configuration list for PBXNativeTarget "Card Match" */;
			buildPhases = (
				357718241A56548200E5CF33 /* Sources */,
				357718251A56548200E5CF33 /* Frameworks */,
				357718261A56548200E5CF33 /* Resources */,
			);
			buildRules = (
			);
			dependencies = (
			);
			name = "Card Match";
			productName = "Card Match";
			productReference = 357718281A56548200E5CF33 /* Card Match.app */;
			productType = "com.apple.product-type.application";
		};
		3577183C1A56548300E5CF33 /* Card MatchTests */ = {
			isa = PBXNativeTarget;
			buildConfigurationList = 3577184A1A56548300E5CF33 /* Build configuration list for PBXNativeTarget "Card MatchTests" */;
			buildPhases = (
				357718391A56548300E5CF33 /* Sources */,
				3577183A1A56548300E5CF33 /* Frameworks */,
				3577183B1A56548300E5CF33 /* Resources */,
			);
			buildRules = (
			);
			dependencies = (
				3577183F1A56548300E5CF33 /* PBXTargetDependency */,
			);
			name = "Card MatchTests";
			productName = "Card MatchTests";
			productReference = 3577183D1A56548300E5CF33 /* Card MatchTests.xctest */;
			productType = "com.apple.product-type.bundle.unit-test";
		};
/* End PBXNativeTarget section */

/* Begin PBXProject section */
		357718201A56548200E5CF33 /* Project object */ = {
			isa = PBXProject;
			attributes = {
				LastUpgradeCheck = 0610;
				ORGANIZATIONNAME = "Dane Jordan";
				TargetAttributes = {
					357718271A56548200E5CF33 = {
						CreatedOnToolsVersion = 6.1.1;
					};
					3577183C1A56548300E5CF33 = {
						CreatedOnToolsVersion = 6.1.1;
						TestTargetID = 357718271A56548200E5CF33;
					};
				};
			};
			buildConfigurationList = 357718231A56548200E5CF33 /* Build configuration list for PBXProject "Card Match" */;
			compatibilityVersion = "Xcode 3.2";
			developmentRegion = English;
			hasScannedForEncodings = 0;
			knownRegions = (
				en,
				Base,
			);
			mainGroup = 3577181F1A56548200E5CF33;
			productRefGroup = 357718291A56548200E5CF33 /* Products */;
			projectDirPath = "";
			projectRoot = "";
			targets = (
				357718271A56548200E5CF33 /* Card Match */,
				3577183C1A56548300E5CF33 /* Card MatchTests */,
			);
		};
/* End PBXProject section */

/* Begin PBXResourcesBuildPhase section */
		357718261A56548200E5CF33 /* Resources */ = {
			isa = PBXResourcesBuildPhase;
			buildActionMask = 2147483647;
			files = (
				357718331A56548300E5CF33 /* Main.storyboard in Resources */,
				35249A221A74BF0200672F79 /* dingcorrect.wav in Resources */,
				35249A231A74BF0200672F79 /* dingwrong.wav in Resources */,
				35249A241A74BF0200672F79 /* shuffle.wav in Resources */,
				35249A211A74BF0200672F79 /* cardflip.wav in Resources */,
				357718381A56548300E5CF33 /* LaunchScreen.xib in Resources */,
				357718351A56548300E5CF33 /* Images.xcassets in Resources */,
			);
			runOnlyForDeploymentPostprocessing = 0;
		};
		3577183B1A56548300E5CF33 /* Resources */ = {
			isa = PBXResourcesBuildPhase;
			buildActionMask = 2147483647;
			files = (
			);
			runOnlyForDeploymentPostprocessing = 0;
		};
/* End PBXResourcesBuildPhase section */

/* Begin PBXSourcesBuildPhase section */
		357718241A56548200E5CF33 /* Sources */ = {
			isa = PBXSourcesBuildPhase;
			buildActionMask = 2147483647;
			files = (
				357718301A56548300E5CF33 /* ViewController.swift in Sources */,
				35E073EB1A6C6B030027E911 /* GameModel.swift in Sources */,
				35E073E91A6C6AA70027E911 /* Card.swift in Sources */,
				3577182E1A56548300E5CF33 /* AppDelegate.swift in Sources */,
			);
			runOnlyForDeploymentPostprocessing = 0;
		};
		357718391A56548300E5CF33 /* Sources */ = {
			isa = PBXSourcesBuildPhase;
			buildActionMask = 2147483647;
			files = (
				357718441A56548300E5CF33 /* Card_MatchTests.swift in Sources */,
			);
			runOnlyForDeploymentPostprocessing = 0;
		};
/* End PBXSourcesBuildPhase section */

/* Begin PBXTargetDependency section */
		3577183F1A56548300E5CF33 /* PBXTargetDependency */ = {
			isa = PBXTargetDependency;
			target = 357718271A56548200E5CF33 /* Card Match */;
			targetProxy = 3577183E1A56548300E5CF33 /* PBXContainerItemProxy */;
		};
/* End PBXTargetDependency section */

/* Begin PBXVariantGroup section */
		357718311A56548300E5CF33 /* Main.storyboard */ = {
			isa = PBXVariantGroup;
			children = (
				357718321A56548300E5CF33 /* Base */,
			);
			name = Main.storyboard;
			sourceTree = "<group>";
		};
		357718361A56548300E5CF33 /* LaunchScreen.xib */ = {
			isa = PBXVariantGroup;
			children = (
				357718371A56548300E5CF33 /* Base */,
			);
			name = LaunchScreen.xib;
			sourceTree = "<group>";
		};
/* End PBXVariantGroup section */

/* Begin XCBuildConfiguration section */
		357718451A56548300E5CF33 /* Debug */ = {
			isa = XCBuildConfiguration;
			buildSettings = {
				ALWAYS_SEARCH_USER_PATHS = NO;
				CLANG_CXX_LANGUAGE_STANDARD = "gnu++0x";
				CLANG_CXX_LIBRARY = "libc++";
				CLANG_ENABLE_MODULES = YES;
				CLANG_ENABLE_OBJC_ARC = YES;
				CLANG_WARN_BOOL_CONVERSION = YES;
				CLANG_WARN_CONSTANT_CONVERSION = YES;
				CLANG_WARN_DIRECT_OBJC_ISA_USAGE = YES_ERROR;
				CLANG_WARN_EMPTY_BODY = YES;
				CLANG_WARN_ENUM_CONVERSION = YES;
				CLANG_WARN_INT_CONVERSION = YES;
				CLANG_WARN_OBJC_ROOT_CLASS = YES_ERROR;
				CLANG_WARN_UNREACHABLE_CODE = YES;
				CLANG_WARN__DUPLICATE_METHOD_MATCH = YES;
				"CODE_SIGN_IDENTITY[sdk=iphoneos*]" = "iPhone Developer";
				COPY_PHASE_STRIP = NO;
				ENABLE_STRICT_OBJC_MSGSEND = YES;
				GCC_C_LANGUAGE_STANDARD = gnu99;
				GCC_DYNAMIC_NO_PIC = NO;
				GCC_OPTIMIZATION_LEVEL = 0;
				GCC_PREPROCESSOR_DEFINITIONS = (
					"DEBUG=1",
					"$(inherited)",
				);
				GCC_SYMBOLS_PRIVATE_EXTERN = NO;
				GCC_WARN_64_TO_32_BIT_CONVERSION = YES;
				GCC_WARN_ABOUT_RETURN_TYPE = YES_ERROR;
				GCC_WARN_UNDECLARED_SELECTOR = YES;
				GCC_WARN_UNINITIALIZED_AUTOS = YES_AGGRESSIVE;
				GCC_WARN_UNUSED_FUNCTION = YES;
				GCC_WARN_UNUSED_VARIABLE = YES;
				IPHONEOS_DEPLOYMENT_TARGET = 8.1;
				MTL_ENABLE_DEBUG_INFO = YES;
				ONLY_ACTIVE_ARCH = YES;
				SDKROOT = iphoneos;
				SWIFT_OPTIMIZATION_LEVEL = "-Onone";
				TARGETED_DEVICE_FAMILY = "1,2";
			};
			name = Debug;
		};
		357718461A56548300E5CF33 /* Release */ = {
			isa = XCBuildConfiguration;
			buildSettings = {
				ALWAYS_SEARCH_USER_PATHS = NO;
				CLANG_CXX_LANGUAGE_STANDARD = "gnu++0x";
				CLANG_CXX_LIBRARY = "libc++";
				CLANG_ENABLE_MODULES = YES;
				CLANG_ENABLE_OBJC_ARC = YES;
				CLANG_WARN_BOOL_CONVERSION = YES;
				CLANG_WARN_CONSTANT_CONVERSION = YES;
				CLANG_WARN_DIRECT_OBJC_ISA_USAGE = YES_ERROR;
				CLANG_WARN_EMPTY_BODY = YES;
				CLANG_WARN_ENUM_CONVERSION = YES;
				CLANG_WARN_INT_CONVERSION = YES;
				CLANG_WARN_OBJC_ROOT_CLASS = YES_ERROR;
				CLANG_WARN_UNREACHABLE_CODE = YES;
				CLANG_WARN__DUPLICATE_METHOD_MATCH = YES;
				"CODE_SIGN_IDENTITY[sdk=iphoneos*]" = "iPhone Developer";
				COPY_PHASE_STRIP = YES;
				ENABLE_NS_ASSERTIONS = NO;
				ENABLE_STRICT_OBJC_MSGSEND = YES;
				GCC_C_LANGUAGE_STANDARD = gnu99;
				GCC_WARN_64_TO_32_BIT_CONVERSION = YES;
				GCC_WARN_ABOUT_RETURN_TYPE = YES_ERROR;
				GCC_WARN_UNDECLARED_SELECTOR = YES;
				GCC_WARN_UNINITIALIZED_AUTOS = YES_AGGRESSIVE;
				GCC_WARN_UNUSED_FUNCTION = YES;
				GCC_WARN_UNUSED_VARIABLE = YES;
				IPHONEOS_DEPLOYMENT_TARGET = 8.1;
				MTL_ENABLE_DEBUG_INFO = NO;
				SDKROOT = iphoneos;
				TARGETED_DEVICE_FAMILY = "1,2";
				VALIDATE_PRODUCT = YES;
			};
			name = Release;
		};
		357718481A56548300E5CF33 /* Debug */ = {
			isa = XCBuildConfiguration;
			buildSettings = {
				ASSETCATALOG_COMPILER_APPICON_NAME = AppIcon;
				INFOPLIST_FILE = "Card Match/Info.plist";
				LD_RUNPATH_SEARCH_PATHS = "$(inherited) @executable_path/Frameworks";
				PRODUCT_NAME = "$(TARGET_NAME)";
			};
			name = Debug;
		};
		357718491A56548300E5CF33 /* Release */ = {
			isa = XCBuildConfiguration;
			buildSettings = {
				ASSETCATALOG_COMPILER_APPICON_NAME = AppIcon;
				INFOPLIST_FILE = "Card Match/Info.plist";
				LD_RUNPATH_SEARCH_PATHS = "$(inherited) @executable_path/Frameworks";
				PRODUCT_NAME = "$(TARGET_NAME)";
			};
			name = Release;
		};
		3577184B1A56548300E5CF33 /* Debug */ = {
			isa = XCBuildConfiguration;
			buildSettings = {
				BUNDLE_LOADER = "$(TEST_HOST)";
				FRAMEWORK_SEARCH_PATHS = (
					"$(SDKROOT)/Developer/Library/Frameworks",
					"$(inherited)",
				);
				GCC_PREPROCESSOR_DEFINITIONS = (
					"DEBUG=1",
					"$(inherited)",
				);
				INFOPLIST_FILE = "Card MatchTests/Info.plist";
				LD_RUNPATH_SEARCH_PATHS = "$(inherited) @executable_path/Frameworks @loader_path/Frameworks";
				PRODUCT_NAME = "$(TARGET_NAME)";
				TEST_HOST = "$(BUILT_PRODUCTS_DIR)/Card Match.app/Card Match";
			};
			name = Debug;
		};
		3577184C1A56548300E5CF33 /* Release */ = {
			isa = XCBuildConfiguration;
			buildSettings = {
				BUNDLE_LOADER = "$(TEST_HOST)";
				FRAMEWORK_SEARCH_PATHS = (
					"$(SDKROOT)/Developer/Library/Frameworks",
					"$(inherited)",
				);
				INFOPLIST_FILE = "Card MatchTests/Info.plist";
				LD_RUNPATH_SEARCH_PATHS = "$(inherited) @executable_path/Frameworks @loader_path/Frameworks";
				PRODUCT_NAME = "$(TARGET_NAME)";
				TEST_HOST = "$(BUILT_PRODUCTS_DIR)/Card Match.app/Card Match";
			};
			name = Release;
		};
/* End XCBuildConfiguration section */

/* Begin XCConfigurationList section */
		357718231A56548200E5CF33 /* Build configuration list for PBXProject "Card Match" */ = {
			isa = XCConfigurationList;
			buildConfigurations = (
				357718451A56548300E5CF33 /* Debug */,
				357718461A56548300E5CF33 /* Release */,
			);
			defaultConfigurationIsVisible = 0;
			defaultConfigurationName = Release;
		};
		357718471A56548300E5CF33 /* Build configuration list for PBXNativeTarget "Card Match" */ = {
			isa = XCConfigurationList;
			buildConfigurations = (
				357718481A56548300E5CF33 /* Debug */,
				357718491A56548300E5CF33 /* Release */,
			);
			defaultConfigurationIsVisible = 0;
			defaultConfigurationName = Release;
		};
		3577184A1A56548300E5CF33 /* Build configuration list for PBXNativeTarget "Card MatchTests" */ = {
			isa = XCConfigurationList;
			buildConfigurations = (
				3577184B1A56548300E5CF33 /* Debug */,
				3577184C1A56548300E5CF33 /* Release */,
			);
			defaultConfigurationIsVisible = 0;
			defaultConfigurationName = Release;
		};
/* End XCConfigurationList section */
	};
	rootObject = 357718201A56548200E5CF33 /* Project object */;
}
